
Microsoft Visual Studio Solution File, Format Version 12.00
# Visual Studio Version 16
VisualStudioVersion = 16.0.29306.81
MinimumVisualStudioVersion = 10.0.40219.1
Project("{FAE04EC0-301F-11D3-BF4B-00C04F79EFBC}") = "CshGit6", "CshGit6\CshGit6.csproj", "{BCB2EE0C-2302-45BC-9E6F-A9D6ECC3B6AA}"
EndProject
Global
	GlobalSection(SolutionConfigurationPlatforms) = preSolution
		Debug|Any CPU = Debug|Any CPU
		Release|Any CPU = Release|Any CPU
	EndGlobalSection
	GlobalSection(ProjectConfigurationPlatforms) = postSolution
		{BCB2EE0C-2302-45BC-9E6F-A9D6ECC3B6AA}.Debug|Any CPU.ActiveCfg = Debug|Any CPU
		{BCB2EE0C-2302-45BC-9E6F-A9D6ECC3B6AA}.Debug|Any CPU.Build.0 = Debug|Any CPU
		{BCB2EE0C-2302-45BC-9E6F-A9D6ECC3B6AA}.Release|Any CPU.ActiveCfg = Release|Any CPU
		{BCB2EE0C-2302-45BC-9E6F-A9D6ECC3B6AA}.Release|Any CPU.Build.0 = Release|Any CPU
	EndGlobalSection
	GlobalSection(SolutionProperties) = preSolution
		HideSolutionNode = FALSE
	EndGlobalSection
	GlobalSection(ExtensibilityGlobals) = postSolution
		SolutionGuid = {351FD553-8E69-441E-82FC-74764265B666}
	EndGlobalSection
EndGlobal
